// !$*UTF8*$!
{
	archiveVersion = 1;
	classes = {
	};
	objectVersion = 56;
	objects = {

/* Begin PBXBuildFile section */
		CE2753902AAEDF43006D8DD2 /* AppDelegate.swift in Sources */ = {isa = PBXBuildFile; fileRef = CE27538F2AAEDF43006D8DD2 /* AppDelegate.swift */; };
		CE2753922AAEDF43006D8DD2 /* SceneDelegate.swift in Sources */ = {isa = PBXBuildFile; fileRef = CE2753912AAEDF43006D8DD2 /* SceneDelegate.swift */; };
		CE2753942AAEDF43006D8DD2 /* ViewController.swift in Sources */ = {isa = PBXBuildFile; fileRef = CE2753932AAEDF43006D8DD2 /* ViewController.swift */; };
		CE2753972AAEDF43006D8DD2 /* Main.storyboard in Resources */ = {isa = PBXBuildFile; fileRef = CE2753952AAEDF43006D8DD2 /* Main.storyboard */; };
		CE2753992AAEDF45006D8DD2 /* Assets.xcassets in Resources */ = {isa = PBXBuildFile; fileRef = CE2753982AAEDF45006D8DD2 /* Assets.xcassets */; };
		CE27539C2AAEDF45006D8DD2 /* LaunchScreen.storyboard in Resources */ = {isa = PBXBuildFile; fileRef = CE27539A2AAEDF45006D8DD2 /* LaunchScreen.storyboard */; };
		CE2753A62AAEE409006D8DD2 /* RecordedTextView.swift in Sources */ = {isa = PBXBuildFile; fileRef = CE2753A52AAEE409006D8DD2 /* RecordedTextView.swift */; };
		CE2753A82AAEE484006D8DD2 /* MainTableView.swift in Sources */ = {isa = PBXBuildFile; fileRef = CE2753A72AAEE484006D8DD2 /* MainTableView.swift */; };
/* End PBXBuildFile section */

/* Begin PBXFileReference section */
		CE27538C2AAEDF43006D8DD2 /* Jago_002.app */ = {isa = PBXFileReference; explicitFileType = wrapper.application; includeInIndex = 0; path = Jago_002.app; sourceTree = BUILT_PRODUCTS_DIR; };
		CE27538F2AAEDF43006D8DD2 /* AppDelegate.swift */ = {isa = PBXFileReference; lastKnownFileType = sourcecode.swift; path = AppDelegate.swift; sourceTree = "<group>"; };
		CE2753912AAEDF43006D8DD2 /* SceneDelegate.swift */ = {isa = PBXFileReference; lastKnownFileType = sourcecode.swift; path = SceneDelegate.swift; sourceTree = "<group>"; };
		CE2753932AAEDF43006D8DD2 /* ViewController.swift */ = {isa = PBXFileReference; lastKnownFileType = sourcecode.swift; path = ViewController.swift; sourceTree = "<group>"; };
		CE2753962AAEDF43006D8DD2 /* Base */ = {isa = PBXFileReference; lastKnownFileType = file.storyboard; name = Base; path = Base.lproj/Main.storyboard; sourceTree = "<group>"; };
		CE2753982AAEDF45006D8DD2 /* Assets.xcassets */ = {isa = PBXFileReference; lastKnownFileType = folder.assetcatalog; path = Assets.xcassets; sourceTree = "<group>"; };
		CE27539B2AAEDF45006D8DD2 /* Base */ = {isa = PBXFileReference; lastKnownFileType = file.storyboard; name = Base; path = Base.lproj/LaunchScreen.storyboard; sourceTree = "<group>"; };
		CE27539D2AAEDF45006D8DD2 /* Info.plist */ = {isa = PBXFileReference; lastKnownFileType = text.plist.xml; path = Info.plist; sourceTree = "<group>"; };
		CE2753A52AAEE409006D8DD2 /* RecordedTextView.swift */ = {isa = PBXFileReference; lastKnownFileType = sourcecode.swift; path = RecordedTextView.swift; sourceTree = "<group>"; };
		CE2753A72AAEE484006D8DD2 /* MainTableView.swift */ = {isa = PBXFileReference; lastKnownFileType = sourcecode.swift; path = MainTableView.swift; sourceTree = "<group>"; };
/* End PBXFileReference section */

/* Begin PBXFrameworksBuildPhase section */
		CE2753892AAEDF43006D8DD2 /* Frameworks */ = {
			isa = PBXFrameworksBuildPhase;
			buildActionMask = 2147483647;
			files = (
			);
			runOnlyForDeploymentPostprocessing = 0;
		};
/* End PBXFrameworksBuildPhase section */

/* Begin PBXGroup section */
		CE2753832AAEDF43006D8DD2 = {
			isa = PBXGroup;
			children = (
				CE27538E2AAEDF43006D8DD2 /* Jago_002 */,
				CE27538D2AAEDF43006D8DD2 /* Products */,
			);
			sourceTree = "<group>";
		};
		CE27538D2AAEDF43006D8DD2 /* Products */ = {
			isa = PBXGroup;
			children = (
				CE27538C2AAEDF43006D8DD2 /* Jago_002.app */,
			);
			name = Products;
			sourceTree = "<group>";
		};
		CE27538E2AAEDF43006D8DD2 /* Jago_002 */ = {
			isa = PBXGroup;
			children = (
				CE27538F2AAEDF43006D8DD2 /* AppDelegate.swift */,
				CE2753912AAEDF43006D8DD2 /* SceneDelegate.swift */,
				CE2753932AAEDF43006D8DD2 /* ViewController.swift */,
				CE2753A72AAEE484006D8DD2 /* MainTableView.swift */,
				CE2753A52AAEE409006D8DD2 /* RecordedTextView.swift */,
				CE2753952AAEDF43006D8DD2 /* Main.storyboard */,
				CE2753982AAEDF45006D8DD2 /* Assets.xcassets */,
				CE27539A2AAEDF45006D8DD2 /* LaunchScreen.storyboard */,
				CE27539D2AAEDF45006D8DD2 /* Info.plist */,
			);
			path = Jago_002;
			sourceTree = "<group>";
		};
/* End PBXGroup section */

/* Begin PBXNativeTarget section */
		CE27538B2AAEDF43006D8DD2 /* Jago_002 */ = {
			isa = PBXNativeTarget;
			buildConfigurationList = CE2753A02AAEDF45006D8DD2 /* Build configuration list for PBXNativeTarget "Jago_002" */;
			buildPhases = (
				CE2753882AAEDF43006D8DD2 /* Sources */,
				CE2753892AAEDF43006D8DD2 /* Frameworks */,
				CE27538A2AAEDF43006D8DD2 /* Resources */,
			);
			buildRules = (
			);
			dependencies = (
			);
			name = Jago_002;
			productName = Jago_002;
			productReference = CE27538C2AAEDF43006D8DD2 /* Jago_002.app */;
			productType = "com.apple.product-type.application";
		};
/* End PBXNativeTarget section */

/* Begin PBXProject section */
		CE2753842AAEDF43006D8DD2 /* Project object */ = {
			isa = PBXProject;
			attributes = {
				BuildIndependentTargetsInParallel = 1;
				LastSwiftUpdateCheck = 1430;
				LastUpgradeCheck = 1430;
				TargetAttributes = {
					CE27538B2AAEDF43006D8DD2 = {
						CreatedOnToolsVersion = 14.3.1;
					};
				};
			};
			buildConfigurationList = CE2753872AAEDF43006D8DD2 /* Build configuration list for PBXProject "Jago_002" */;
			compatibilityVersion = "Xcode 14.0";
			developmentRegion = en;
			hasScannedForEncodings = 0;
			knownRegions = (
				en,
				Base,
			);
			mainGroup = CE2753832AAEDF43006D8DD2;
			productRefGroup = CE27538D2AAEDF43006D8DD2 /* Products */;
			projectDirPath = "";
			projectRoot = "";
			targets = (
				CE27538B2AAEDF43006D8DD2 /* Jago_002 */,
			);
		};
/* End PBXProject section */

/* Begin PBXResourcesBuildPhase section */
		CE27538A2AAEDF43006D8DD2 /* Resources */ = {
			isa = PBXResourcesBuildPhase;
			buildActionMask = 2147483647;
			files = (
				CE27539C2AAEDF45006D8DD2 /* LaunchScreen.storyboard in Resources */,
				CE2753992AAEDF45006D8DD2 /* Assets.xcassets in Resources */,
				CE2753972AAEDF43006D8DD2 /* Main.storyboard in Resources */,
			);
			runOnlyForDeploymentPostprocessing = 0;
		};
/* End PBXResourcesBuildPhase section */

/* Begin PBXSourcesBuildPhase section */
		CE2753882AAEDF43006D8DD2 /* Sources */ = {
			isa = PBXSourcesBuildPhase;
			buildActionMask = 2147483647;
			files = (
				CE2753942AAEDF43006D8DD2 /* ViewController.swift in Sources */,
				CE2753A62AAEE409006D8DD2 /* RecordedTextView.swift in Sources */,
				CE2753A82AAEE484006D8DD2 /* MainTableView.swift in Sources */,
				CE2753902AAEDF43006D8DD2 /* AppDelegate.swift in Sources */,
				CE2753922AAEDF43006D8DD2 /* SceneDelegate.swift in Sources */,
			);
			runOnlyForDeploymentPostprocessing = 0;
		};
/* End PBXSourcesBuildPhase section */

/* Begin PBXVariantGroup section */
		CE2753952AAEDF43006D8DD2 /* Main.storyboard */ = {
			isa = PBXVariantGroup;
			children = (
				CE2753962AAEDF43006D8DD2 /* Base */,
			);
			name = Main.storyboard;
			sourceTree = "<group>";
		};
		CE27539A2AAEDF45006D8DD2 /* LaunchScreen.storyboard */ = {
			isa = PBXVariantGroup;
			children = (
				CE27539B2AAEDF45006D8DD2 /* Base */,
			);
			name = LaunchScreen.storyboard;
			sourceTree = "<group>";
		};
/* End PBXVariantGroup section */

/* Begin XCBuildConfiguration section */
		CE27539E2AAEDF45006D8DD2 /* Debug */ = {
			isa = XCBuildConfiguration;
			buildSettings = {
				ALWAYS_SEARCH_USER_PATHS = NO;
				CLANG_ANALYZER_NONNULL = YES;
				CLANG_ANALYZER_NUMBER_OBJECT_CONVERSION = YES_AGGRESSIVE;
				CLANG_CXX_LANGUAGE_STANDARD = "gnu++20";
				CLANG_ENABLE_MODULES = YES;
				CLANG_ENABLE_OBJC_ARC = YES;
				CLANG_ENABLE_OBJC_WEAK = YES;
				CLANG_WARN_BLOCK_CAPTURE_AUTORELEASING = YES;
				CLANG_WARN_BOOL_CONVERSION = YES;
				CLANG_WARN_COMMA = YES;
				CLANG_WARN_CONSTANT_CONVERSION = YES;
				CLANG_WARN_DEPRECATED_OBJC_IMPLEMENTATIONS = YES;
				CLANG_WARN_DIRECT_OBJC_ISA_USAGE = YES_ERROR;
				CLANG_WARN_DOCUMENTATION_COMMENTS = YES;
				CLANG_WARN_EMPTY_BODY = YES;
				CLANG_WARN_ENUM_CONVERSION = YES;
				CLANG_WARN_INFINITE_RECURSION = YES;
				CLANG_WARN_INT_CONVERSION = YES;
				CLANG_WARN_NON_LITERAL_NULL_CONVERSION = YES;
				CLANG_WARN_OBJC_IMPLICIT_RETAIN_SELF = YES;
				CLANG_WARN_OBJC_LITERAL_CONVERSION = YES;
				CLANG_WARN_OBJC_ROOT_CLASS = YES_ERROR;
				CLANG_WARN_QUOTED_INCLUDE_IN_FRAMEWORK_HEADER = YES;
				CLANG_WARN_RANGE_LOOP_ANALYSIS = YES;
				CLANG_WARN_STRICT_PROTOTYPES = YES;
				CLANG_WARN_SUSPICIOUS_MOVE = YES;
				CLANG_WARN_UNGUARDED_AVAILABILITY = YES_AGGRESSIVE;
				CLANG_WARN_UNREACHABLE_CODE = YES;
				CLANG_WARN__DUPLICATE_METHOD_MATCH = YES;
				COPY_PHASE_STRIP = NO;
				DEBUG_INFORMATION_FORMAT = dwarf;
				ENABLE_STRICT_OBJC_MSGSEND = YES;
				ENABLE_TESTABILITY = YES;
				GCC_C_LANGUAGE_STANDARD = gnu11;
				GCC_DYNAMIC_NO_PIC = NO;
				GCC_NO_COMMON_BLOCKS = YES;
				GCC_OPTIMIZATION_LEVEL = 0;
				GCC_PREPROCESSOR_DEFINITIONS = (
					"DEBUG=1",
					"$(inherited)",
				);
				GCC_WARN_64_TO_32_BIT_CONVERSION = YES;
				GCC_WARN_ABOUT_RETURN_TYPE = YES_ERROR;
				GCC_WARN_UNDECLARED_SELECTOR = YES;
				GCC_WARN_UNINITIALIZED_AUTOS = YES_AGGRESSIVE;
				GCC_WARN_UNUSED_FUNCTION = YES;
				GCC_WARN_UNUSED_VARIABLE = YES;
				IPHONEOS_DEPLOYMENT_TARGET = 16.4;
				MTL_ENABLE_DEBUG_INFO = INCLUDE_SOURCE;
				MTL_FAST_MATH = YES;
				ONLY_ACTIVE_ARCH = YES;
				SDKROOT = iphoneos;
				SWIFT_ACTIVE_COMPILATION_CONDITIONS = DEBUG;
				SWIFT_OPTIMIZATION_LEVEL = "-Onone";
			};
			name = Debug;
		};
		CE27539F2AAEDF45006D8DD2 /* Release */ = {
			isa = XCBuildConfiguration;
			buildSettings = {
				ALWAYS_SEARCH_USER_PATHS = NO;
				CLANG_ANALYZER_NONNULL = YES;
				CLANG_ANALYZER_NUMBER_OBJECT_CONVERSION = YES_AGGRESSIVE;
				CLANG_CXX_LANGUAGE_STANDARD = "gnu++20";
				CLANG_ENABLE_MODULES = YES;
				CLANG_ENABLE_OBJC_ARC = YES;
				CLANG_ENABLE_OBJC_WEAK = YES;
				CLANG_WARN_BLOCK_CAPTURE_AUTORELEASING = YES;
				CLANG_WARN_BOOL_CONVERSION = YES;
				CLANG_WARN_COMMA = YES;
				CLANG_WARN_CONSTANT_CONVERSION = YES;
				CLANG_WARN_DEPRECATED_OBJC_IMPLEMENTATIONS = YES;
				CLANG_WARN_DIRECT_OBJC_ISA_USAGE = YES_ERROR;
				CLANG_WARN_DOCUMENTATION_COMMENTS = YES;
				CLANG_WARN_EMPTY_BODY = YES;
				CLANG_WARN_ENUM_CONVERSION = YES;
				CLANG_WARN_INFINITE_RECURSION = YES;
				CLANG_WARN_INT_CONVERSION = YES;
				CLANG_WARN_NON_LITERAL_NULL_CONVERSION = YES;
				CLANG_WARN_OBJC_IMPLICIT_RETAIN_SELF = YES;
				CLANG_WARN_OBJC_LITERAL_CONVERSION = YES;
				CLANG_WARN_OBJC_ROOT_CLASS = YES_ERROR;
				CLANG_WARN_QUOTED_INCLUDE_IN_FRAMEWORK_HEADER = YES;
				CLANG_WARN_RANGE_LOOP_ANALYSIS = YES;
				CLANG_WARN_STRICT_PROTOTYPES = YES;
				CLANG_WARN_SUSPICIOUS_MOVE = YES;
				CLANG_WARN_UNGUARDED_AVAILABILITY = YES_AGGRESSIVE;
				CLANG_WARN_UNREACHABLE_CODE = YES;
				CLANG_WARN__DUPLICATE_METHOD_MATCH = YES;
				COPY_PHASE_STRIP = NO;
				DEBUG_INFORMATION_FORMAT = "dwarf-with-dsym";
				ENABLE_NS_ASSERTIONS = NO;
				ENABLE_STRICT_OBJC_MSGSEND = YES;
				GCC_C_LANGUAGE_STANDARD = gnu11;
				GCC_NO_COMMON_BLOCKS = YES;
				GCC_WARN_64_TO_32_BIT_CONVERSION = YES;
				GCC_WARN_ABOUT_RETURN_TYPE = YES_ERROR;
				GCC_WARN_UNDECLARED_SELECTOR = YES;
				GCC_WARN_UNINITIALIZED_AUTOS = YES_AGGRESSIVE;
				GCC_WARN_UNUSED_FUNCTION = YES;
				GCC_WARN_UNUSED_VARIABLE = YES;
				IPHONEOS_DEPLOYMENT_TARGET = 16.4;
				MTL_ENABLE_DEBUG_INFO = NO;
				MTL_FAST_MATH = YES;
				SDKROOT = iphoneos;
				SWIFT_COMPILATION_MODE = wholemodule;
				SWIFT_OPTIMIZATION_LEVEL = "-O";
				VALIDATE_PRODUCT = YES;
			};
			name = Release;
		};
		CE2753A12AAEDF45006D8DD2 /* Debug */ = {
			isa = XCBuildConfiguration;
			buildSettings = {
				ASSETCATALOG_COMPILER_APPICON_NAME = AppIcon;
				ASSETCATALOG_COMPILER_GLOBAL_ACCENT_COLOR_NAME = AccentColor;
				CODE_SIGN_STYLE = Automatic;
				CURRENT_PROJECT_VERSION = 1;
				DEVELOPMENT_TEAM = Q8W4Q9M4D2;
				GENERATE_INFOPLIST_FILE = YES;
				INFOPLIST_FILE = Jago_002/Info.plist;
				INFOPLIST_KEY_UIApplicationSupportsIndirectInputEvents = YES;
				INFOPLIST_KEY_UILaunchStoryboardName = LaunchScreen;
				INFOPLIST_KEY_UIMainStoryboardFile = Main;
				INFOPLIST_KEY_UISupportedInterfaceOrientations_iPad = "UIInterfaceOrientationPortrait UIInterfaceOrientationPortraitUpsideDown UIInterfaceOrientationLandscapeLeft UIInterfaceOrientationLandscapeRight";
				INFOPLIST_KEY_UISupportedInterfaceOrientations_iPhone = "UIInterfaceOrientationPortrait UIInterfaceOrientationLandscapeLeft UIInterfaceOrientationLandscapeRight";
				LD_RUNPATH_SEARCH_PATHS = (
					"$(inherited)",
					"@executable_path/Frameworks",
				);
				MARKETING_VERSION = 1.0;
				PRODUCT_BUNDLE_IDENTIFIER = "com.zzshimako.Jago-002";
				PRODUCT_NAME = "$(TARGET_NAME)";
				SWIFT_EMIT_LOC_STRINGS = YES;
				SWIFT_VERSION = 5.0;
				TARGETED_DEVICE_FAMILY = "1,2";
			};
			name = Debug;
		};
		CE2753A22AAEDF45006D8DD2 /* Release */ = {
			isa = XCBuildConfiguration;
			buildSettings = {
				ASSETCATALOG_COMPILER_APPICON_NAME = AppIcon;
				ASSETCATALOG_COMPILER_GLOBAL_ACCENT_COLOR_NAME = AccentColor;
				CODE_SIGN_STYLE = Automatic;
				CURRENT_PROJECT_VERSION = 1;
				DEVELOPMENT_TEAM = Q8W4Q9M4D2;
				GENERATE_INFOPLIST_FILE = YES;
				INFOPLIST_FILE = Jago_002/Info.plist;
				INFOPLIST_KEY_UIApplicationSupportsIndirectInputEvents = YES;
				INFOPLIST_KEY_UILaunchStoryboardName = LaunchScreen;
				INFOPLIST_KEY_UIMainStoryboardFile = Main;
				INFOPLIST_KEY_UISupportedInterfaceOrientations_iPad = "UIInterfaceOrientationPortrait UIInterfaceOrientationPortraitUpsideDown UIInterfaceOrientationLandscapeLeft UIInterfaceOrientationLandscapeRight";
				INFOPLIST_KEY_UISupportedInterfaceOrientations_iPhone = "UIInterfaceOrientationPortrait UIInterfaceOrientationLandscapeLeft UIInterfaceOrientationLandscapeRight";
				LD_RUNPATH_SEARCH_PATHS = (
					"$(inherited)",
					"@executable_path/Frameworks",
				);
				MARKETING_VERSION = 1.0;
				PRODUCT_BUNDLE_IDENTIFIER = "com.zzshimako.Jago-002";
				PRODUCT_NAME = "$(TARGET_NAME)";
				SWIFT_EMIT_LOC_STRINGS = YES;
				SWIFT_VERSION = 5.0;
				TARGETED_DEVICE_FAMILY = "1,2";
			};
			name = Release;
		};
/* End XCBuildConfiguration section */

/* Begin XCConfigurationList section */
		CE2753872AAEDF43006D8DD2 /* Build configuration list for PBXProject "Jago_002" */ = {
			isa = XCConfigurationList;
			buildConfigurations = (
				CE27539E2AAEDF45006D8DD2 /* Debug */,
				CE27539F2AAEDF45006D8DD2 /* Release */,
			);
			defaultConfigurationIsVisible = 0;
			defaultConfigurationName = Release;
		};
		CE2753A02AAEDF45006D8DD2 /* Build configuration list for PBXNativeTarget "Jago_002" */ = {
			isa = XCConfigurationList;
			buildConfigurations = (
				CE2753A12AAEDF45006D8DD2 /* Debug */,
				CE2753A22AAEDF45006D8DD2 /* Release */,
			);
			defaultConfigurationIsVisible = 0;
			defaultConfigurationName = Release;
		};
/* End XCConfigurationList section */
	};
	rootObject = CE2753842AAEDF43006D8DD2 /* Project object */;
}
